
Microsoft Visual Studio Solution File, Format Version 12.00
# Visual Studio Version 17
VisualStudioVersion = 17.5.33502.453
MinimumVisualStudioVersion = 10.0.40219.1
Project("{FAE04EC0-301F-11D3-BF4B-00C04F79EFBC}") = "MvcMicrosoftAD", "MvcMicrosoftAD\MvcMicrosoftAD.csproj", "{020313FE-F363-40CE-B97E-12F98EBFBC89}"
EndProject
Global
	GlobalSection(SolutionConfigurationPlatforms) = preSolution
		Debug|Any CPU = Debug|Any CPU
		Release|Any CPU = Release|Any CPU
	EndGlobalSection
	GlobalSection(ProjectConfigurationPlatforms) = postSolution
		{020313FE-F363-40CE-B97E-12F98EBFBC89}.Debug|Any CPU.ActiveCfg = Debug|Any CPU
		{020313FE-F363-40CE-B97E-12F98EBFBC89}.Debug|Any CPU.Build.0 = Debug|Any CPU
		{020313FE-F363-40CE-B97E-12F98EBFBC89}.Release|Any CPU.ActiveCfg = Release|Any CPU
		{020313FE-F363-40CE-B97E-12F98EBFBC89}.Release|Any CPU.Build.0 = Release|Any CPU
	EndGlobalSection
	GlobalSection(SolutionProperties) = preSolution
		HideSolutionNode = FALSE
	EndGlobalSection
	GlobalSection(ExtensibilityGlobals) = postSolution
		SolutionGuid = {453CBA2A-F45F-460F-8E68-8BA82D7C95FB}
	EndGlobalSection
EndGlobal
